
Microsoft Visual Studio Solution File, Format Version 12.00
# Visual Studio Version 17
VisualStudioVersion = 17.14.37502.11 d17.14
MinimumVisualStudioVersion = 10.0.40219.1
Project("{FAE04EC0-301F-11D3-BF4B-00C04F79EFBC}") = "OdnoWindowsApp", "OdnoWindowsApp\OdnoWindowsApp.csproj", "{DFB4C567-1160-48EE-A44B-6FBE6CD93510}"
EndProject
Global
	GlobalSection(SolutionConfigurationPlatforms) = preSolution
		Debug|Any CPU = Debug|Any CPU
		Release|Any CPU = Release|Any CPU
	EndGlobalSection
	GlobalSection(ProjectConfigurationPlatforms) = postSolution
		{DFB4C567-1160-48EE-A44B-6FBE6CD93510}.Debug|Any CPU.ActiveCfg = Debug|Any CPU
		{DFB4C567-1160-48EE-A44B-6FBE6CD93510}.Debug|Any CPU.Build.0 = Debug|Any CPU
		{DFB4C567-1160-48EE-A44B-6FBE6CD93510}.Release|Any CPU.ActiveCfg = Release|Any CPU
		{DFB4C567-1160-48EE-A44B-6FBE6CD93510}.Release|Any CPU.Build.0 = Release|Any CPU
	EndGlobalSection
	GlobalSection(SolutionProperties) = preSolution
		HideSolutionNode = FALSE
	EndGlobalSection
	GlobalSection(ExtensibilityGlobals) = postSolution
		SolutionGuid = {2D52FD83-FA9C-4FBE-9C41-D2B731ACAF22}
	EndGlobalSection
EndGlobal
